
Microsoft Visual Studio Solution File, Format Version 12.00
# Visual Studio Version 17
VisualStudioVersion = 17.4.33213.308
MinimumVisualStudioVersion = 10.0.40219.1
Project("{FAE04EC0-301F-11D3-BF4B-00C04F79EFBC}") = "OCEAdmin", "OCEAdmin.csproj", "{5BC392E4-CA8E-4C20-A009-FBDB298AED75}"
EndProject
Global
	GlobalSection(SolutionConfigurationPlatforms) = preSolution
		Debug|Any CPU = Debug|Any CPU
		Debug|x64 = Debug|x64
		GitHubRelease|Any CPU = GitHubRelease|Any CPU
		GitHubRelease|x64 = GitHubRelease|x64
		Release|Any CPU = Release|Any CPU
		Release|x64 = Release|x64
	EndGlobalSection
	GlobalSection(ProjectConfigurationPlatforms) = postSolution
		{5BC392E4-CA8E-4C20-A009-FBDB298AED75}.Debug|Any CPU.ActiveCfg = Debug|Any CPU
		{5BC392E4-CA8E-4C20-A009-FBDB298AED75}.Debug|Any CPU.Build.0 = Debug|Any CPU
		{5BC392E4-CA8E-4C20-A009-FBDB298AED75}.Debug|x64.ActiveCfg = Debug|x64
		{5BC392E4-CA8E-4C20-A009-FBDB298AED75}.Debug|x64.Build.0 = Debug|x64
		{5BC392E4-CA8E-4C20-A009-FBDB298AED75}.GitHubRelease|Any CPU.ActiveCfg = GitHubRelease|Any CPU
		{5BC392E4-CA8E-4C20-A009-FBDB298AED75}.GitHubRelease|Any CPU.Build.0 = GitHubRelease|Any CPU
		{5BC392E4-CA8E-4C20-A009-FBDB298AED75}.GitHubRelease|x64.ActiveCfg = GitHubRelease|x64
		{5BC392E4-CA8E-4C20-A009-FBDB298AED75}.GitHubRelease|x64.Build.0 = GitHubRelease|x64
		{5BC392E4-CA8E-4C20-A009-FBDB298AED75}.Release|Any CPU.ActiveCfg = Release|Any CPU
		{5BC392E4-CA8E-4C20-A009-FBDB298AED75}.Release|Any CPU.Build.0 = Release|Any CPU
		{5BC392E4-CA8E-4C20-A009-FBDB298AED75}.Release|x64.ActiveCfg = Release|x64
		{5BC392E4-CA8E-4C20-A009-FBDB298AED75}.Release|x64.Build.0 = Release|x64
	EndGlobalSection
	GlobalSection(SolutionProperties) = preSolution
		HideSolutionNode = FALSE
	EndGlobalSection
	GlobalSection(ExtensibilityGlobals) = postSolution
		SolutionGuid = {3E81FABE-A85A-4CEF-B9CC-A7465DD21146}
	EndGlobalSection
EndGlobal
